// !$*UTF8*$!
{
	archiveVersion = 1;
	classes = {
	};
	objectVersion = 50;
	objects = {

/* Begin PBXBuildFile section */
		F76ED81C23718F3F0056A721 /* UIViewController+FGPushS.h in Headers */ = {isa = PBXBuildFile; fileRef = F76ED81A23718F3F0056A721 /* UIViewController+FGPushS.h */; settings = {ATTRIBUTES = (Public, ); }; };
		F76ED81D23718F3F0056A721 /* UIViewController+FGPushS.m in Sources */ = {isa = PBXBuildFile; fileRef = F76ED81B23718F3F0056A721 /* UIViewController+FGPushS.m */; };
		F770A523233CB99000121A10 /* FGUIKit.h in Headers */ = {isa = PBXBuildFile; fileRef = F770A521233CB99000121A10 /* FGUIKit.h */; settings = {ATTRIBUTES = (Public, ); }; };
		F770A536233CBBEB00121A10 /* FGViewController.m in Sources */ = {isa = PBXBuildFile; fileRef = F770A534233CBBEB00121A10 /* FGViewController.m */; };
		F770A537233CBBEB00121A10 /* FGViewController.h in Headers */ = {isa = PBXBuildFile; fileRef = F770A535233CBBEB00121A10 /* FGViewController.h */; settings = {ATTRIBUTES = (Public, ); }; };
		F770A53F233F4C8400121A10 /* FGTabbarConfig.h in Headers */ = {isa = PBXBuildFile; fileRef = F770A53D233F4C8300121A10 /* FGTabbarConfig.h */; settings = {ATTRIBUTES = (Public, ); }; };
		F770A540233F4C8400121A10 /* FGTabbarConfig.m in Sources */ = {isa = PBXBuildFile; fileRef = F770A53E233F4C8300121A10 /* FGTabbarConfig.m */; };
		F770A54B2340659200121A10 /* FGImageLabelView.h in Headers */ = {isa = PBXBuildFile; fileRef = F770A5492340659200121A10 /* FGImageLabelView.h */; settings = {ATTRIBUTES = (Public, ); }; };
		F770A54C2340659200121A10 /* FGImageLabelView.m in Sources */ = {isa = PBXBuildFile; fileRef = F770A54A2340659200121A10 /* FGImageLabelView.m */; };
		F77226362376B8A200BB04B8 /* UIView+FGDrawImage.h in Headers */ = {isa = PBXBuildFile; fileRef = F77226342376B8A200BB04B8 /* UIView+FGDrawImage.h */; settings = {ATTRIBUTES = (Public, ); }; };
		F77226372376B8A200BB04B8 /* UIView+FGDrawImage.m in Sources */ = {isa = PBXBuildFile; fileRef = F77226352376B8A200BB04B8 /* UIView+FGDrawImage.m */; };
		F772263B2376BAF800BB04B8 /* UILabel+FGPointMethods.h in Headers */ = {isa = PBXBuildFile; fileRef = F77226392376BAF800BB04B8 /* UILabel+FGPointMethods.h */; settings = {ATTRIBUTES = (Public, ); }; };
		F772263C2376BAF800BB04B8 /* UILabel+FGPointMethods.m in Sources */ = {isa = PBXBuildFile; fileRef = F772263A2376BAF800BB04B8 /* UILabel+FGPointMethods.m */; };
		F772263F2377C28400BB04B8 /* UIView+FGQuiklySetUIS.h in Headers */ = {isa = PBXBuildFile; fileRef = F772263D2377C28400BB04B8 /* UIView+FGQuiklySetUIS.h */; settings = {ATTRIBUTES = (Public, ); }; };
		F77226402377C28400BB04B8 /* UIView+FGQuiklySetUIS.m in Sources */ = {isa = PBXBuildFile; fileRef = F772263E2377C28400BB04B8 /* UIView+FGQuiklySetUIS.m */; };
		F77226472377C52700BB04B8 /* UIView+FGPointMethods.h in Headers */ = {isa = PBXBuildFile; fileRef = F77226452377C52700BB04B8 /* UIView+FGPointMethods.h */; settings = {ATTRIBUTES = (Public, ); }; };
		F77226482377C52700BB04B8 /* UIView+FGPointMethods.m in Sources */ = {isa = PBXBuildFile; fileRef = F77226462377C52700BB04B8 /* UIView+FGPointMethods.m */; };
		F77226732379055100BB04B8 /* FGMiddleTabBar.h in Headers */ = {isa = PBXBuildFile; fileRef = F77226712379055100BB04B8 /* FGMiddleTabBar.h */; };
		F77226742379055100BB04B8 /* FGMiddleTabBar.m in Sources */ = {isa = PBXBuildFile; fileRef = F77226722379055100BB04B8 /* FGMiddleTabBar.m */; };
		F772267723790F9D00BB04B8 /* FGMiddleTabBarController.h in Headers */ = {isa = PBXBuildFile; fileRef = F772267523790F9D00BB04B8 /* FGMiddleTabBarController.h */; };
		F772267823790F9D00BB04B8 /* FGMiddleTabBarController.m in Sources */ = {isa = PBXBuildFile; fileRef = F772267623790F9D00BB04B8 /* FGMiddleTabBarController.m */; };
		F772269423797C7C00BB04B8 /* UIView+FGGradient.h in Headers */ = {isa = PBXBuildFile; fileRef = F772269223797C7C00BB04B8 /* UIView+FGGradient.h */; };
		F772269523797C7C00BB04B8 /* UIView+FGGradient.m in Sources */ = {isa = PBXBuildFile; fileRef = F772269323797C7C00BB04B8 /* UIView+FGGradient.m */; };
		F772269D237981CA00BB04B8 /* UIViewController+EasyAlert.m in Sources */ = {isa = PBXBuildFile; fileRef = F772269B237981CA00BB04B8 /* UIViewController+EasyAlert.m */; };
		F772269E237981CA00BB04B8 /* UIViewController+EasyAlert.h in Headers */ = {isa = PBXBuildFile; fileRef = F772269C237981CA00BB04B8 /* UIViewController+EasyAlert.h */; };
		F77226A22379AC5900BB04B8 /* UIImageView+SDWebImageManageS.h in Headers */ = {isa = PBXBuildFile; fileRef = F77226A02379AC5900BB04B8 /* UIImageView+SDWebImageManageS.h */; };
		F77226A32379AC5900BB04B8 /* UIImageView+SDWebImageManageS.m in Sources */ = {isa = PBXBuildFile; fileRef = F77226A12379AC5900BB04B8 /* UIImageView+SDWebImageManageS.m */; };
		F77226A62379B9EF00BB04B8 /* UIScrollView+FGEndAllRefreshS.h in Headers */ = {isa = PBXBuildFile; fileRef = F77226A42379B9EF00BB04B8 /* UIScrollView+FGEndAllRefreshS.h */; };
		F77226A72379B9EF00BB04B8 /* UIScrollView+FGEndAllRefreshS.m in Sources */ = {isa = PBXBuildFile; fileRef = F77226A52379B9EF00BB04B8 /* UIScrollView+FGEndAllRefreshS.m */; };
		F7764884234F2247001FA038 /* FGImgLabViews.h in Headers */ = {isa = PBXBuildFile; fileRef = F7764882234F2247001FA038 /* FGImgLabViews.h */; settings = {ATTRIBUTES = (Public, ); }; };
		F7764885234F2247001FA038 /* FGImgLabViews.m in Sources */ = {isa = PBXBuildFile; fileRef = F7764883234F2247001FA038 /* FGImgLabViews.m */; };
		F7A5A81F23556BAC00C973AB /* UIView+FGEvent.m in Sources */ = {isa = PBXBuildFile; fileRef = F7A5A81D23556BAB00C973AB /* UIView+FGEvent.m */; };
		F7A5A82023556BAC00C973AB /* UIView+FGEvent.h in Headers */ = {isa = PBXBuildFile; fileRef = F7A5A81E23556BAC00C973AB /* UIView+FGEvent.h */; settings = {ATTRIBUTES = (Public, ); }; };
		F7A5A825235572E400C973AB /* UITabBarController+FGEasySetup.m in Sources */ = {isa = PBXBuildFile; fileRef = F7A5A823235572E300C973AB /* UITabBarController+FGEasySetup.m */; };
		F7A5A826235572E400C973AB /* UITabBarController+FGEasySetup.h in Headers */ = {isa = PBXBuildFile; fileRef = F7A5A824235572E300C973AB /* UITabBarController+FGEasySetup.h */; settings = {ATTRIBUTES = (Public, ); }; };
		F7A5A82A2355BB9900C973AB /* FGImgTCell.h in Headers */ = {isa = PBXBuildFile; fileRef = F7A5A8282355BB9900C973AB /* FGImgTCell.h */; settings = {ATTRIBUTES = (Public, ); }; };
		F7A5A82B2355BB9900C973AB /* FGImgTCell.m in Sources */ = {isa = PBXBuildFile; fileRef = F7A5A8292355BB9900C973AB /* FGImgTCell.m */; };
		F7A5A82E2355BBD300C973AB /* FGImgCCell.h in Headers */ = {isa = PBXBuildFile; fileRef = F7A5A82C2355BBD300C973AB /* FGImgCCell.h */; settings = {ATTRIBUTES = (Public, ); }; };
		F7A5A82F2355BBD300C973AB /* FGImgCCell.m in Sources */ = {isa = PBXBuildFile; fileRef = F7A5A82D2355BBD300C973AB /* FGImgCCell.m */; };
		F7A5A8332355CF5300C973AB /* FGFloatView.h in Headers */ = {isa = PBXBuildFile; fileRef = F7A5A8312355CF5300C973AB /* FGFloatView.h */; settings = {ATTRIBUTES = (Public, ); }; };
		F7A5A8342355CF5300C973AB /* FGFloatView.m in Sources */ = {isa = PBXBuildFile; fileRef = F7A5A8322355CF5300C973AB /* FGFloatView.m */; };
		F7A5A838235861C600C973AB /* FGCollectionViewS.h in Headers */ = {isa = PBXBuildFile; fileRef = F7A5A836235861C600C973AB /* FGCollectionViewS.h */; settings = {ATTRIBUTES = (Public, ); }; };
		F7A5A839235861C600C973AB /* FGCollectionViewS.m in Sources */ = {isa = PBXBuildFile; fileRef = F7A5A837235861C600C973AB /* FGCollectionViewS.m */; };
		F7A5A83E2358750400C973AB /* UICollectionView+FGRegister.h in Headers */ = {isa = PBXBuildFile; fileRef = F7A5A83C2358750400C973AB /* UICollectionView+FGRegister.h */; settings = {ATTRIBUTES = (Public, ); }; };
		F7A5A83F2358750400C973AB /* UICollectionView+FGRegister.m in Sources */ = {isa = PBXBuildFile; fileRef = F7A5A83D2358750400C973AB /* UICollectionView+FGRegister.m */; };
		F7A5A8422359B55200C973AB /* UITableView+FGAdditional.h in Headers */ = {isa = PBXBuildFile; fileRef = F7A5A8402359B55200C973AB /* UITableView+FGAdditional.h */; settings = {ATTRIBUTES = (Public, ); }; };
		F7A5A8432359B55200C973AB /* UITableView+FGAdditional.m in Sources */ = {isa = PBXBuildFile; fileRef = F7A5A8412359B55200C973AB /* UITableView+FGAdditional.m */; };
		F7A5A8462359BD7400C973AB /* FGTableViewS.h in Headers */ = {isa = PBXBuildFile; fileRef = F7A5A8442359BD7400C973AB /* FGTableViewS.h */; settings = {ATTRIBUTES = (Public, ); }; };
		F7A5A8472359BD7400C973AB /* FGTableViewS.m in Sources */ = {isa = PBXBuildFile; fileRef = F7A5A8452359BD7400C973AB /* FGTableViewS.m */; };
		F7A5A84A2359C82000C973AB /* UIView+FGNavBarSubViewRect.h in Headers */ = {isa = PBXBuildFile; fileRef = F7A5A8482359C82000C973AB /* UIView+FGNavBarSubViewRect.h */; settings = {ATTRIBUTES = (Public, ); }; };
		F7A5A84B2359C82000C973AB /* UIView+FGNavBarSubViewRect.m in Sources */ = {isa = PBXBuildFile; fileRef = F7A5A8492359C82000C973AB /* UIView+FGNavBarSubViewRect.m */; };
		F7A5A84F2359CBF000C973AB /* FGMultiSubPageScrollView.h in Headers */ = {isa = PBXBuildFile; fileRef = F7A5A84D2359CBF000C973AB /* FGMultiSubPageScrollView.h */; settings = {ATTRIBUTES = (Public, ); }; };
		F7A5A8502359CBF000C973AB /* FGMultiSubPageScrollView.m in Sources */ = {isa = PBXBuildFile; fileRef = F7A5A84E2359CBF000C973AB /* FGMultiSubPageScrollView.m */; };
		F7A5A854235D5BE100C973AB /* FGSegment.h in Headers */ = {isa = PBXBuildFile; fileRef = F7A5A852235D5BE100C973AB /* FGSegment.h */; settings = {ATTRIBUTES = (Public, ); }; };
		F7A5A855235D5BE100C973AB /* FGSegment.m in Sources */ = {isa = PBXBuildFile; fileRef = F7A5A853235D5BE100C973AB /* FGSegment.m */; };
		F7A5A85A235DBB0800C973AB /* FGBigSelectSegment.h in Headers */ = {isa = PBXBuildFile; fileRef = F7A5A858235DBB0800C973AB /* FGBigSelectSegment.h */; settings = {ATTRIBUTES = (Public, ); }; };
		F7A5A85B235DBB0800C973AB /* FGBigSelectSegment.m in Sources */ = {isa = PBXBuildFile; fileRef = F7A5A859235DBB0800C973AB /* FGBigSelectSegment.m */; };
		F7A5A85F235EA07600C973AB /* FGSegmentSubsView.h in Headers */ = {isa = PBXBuildFile; fileRef = F7A5A85D235EA07600C973AB /* FGSegmentSubsView.h */; settings = {ATTRIBUTES = (Public, ); }; };
		F7A5A860235EA07600C973AB /* FGSegmentSubsView.m in Sources */ = {isa = PBXBuildFile; fileRef = F7A5A85E235EA07600C973AB /* FGSegmentSubsView.m */; };
		F7F2EBDF2361B450000DB3EA /* WsHUD.h in Headers */ = {isa = PBXBuildFile; fileRef = F7F2EBDD2361B450000DB3EA /* WsHUD.h */; settings = {ATTRIBUTES = (Public, ); }; };
		F7F2EBE02361B450000DB3EA /* WsHUD.m in Sources */ = {isa = PBXBuildFile; fileRef = F7F2EBDE2361B450000DB3EA /* WsHUD.m */; };
		F7F2EBF62361CEA3000DB3EA /* GlobalQueueOperation.h in Headers */ = {isa = PBXBuildFile; fileRef = F7F2EBF02361CEA3000DB3EA /* GlobalQueueOperation.h */; settings = {ATTRIBUTES = (Public, ); }; };
		F7F2EBF72361CEA3000DB3EA /* WSYToastView.m in Sources */ = {isa = PBXBuildFile; fileRef = F7F2EBF12361CEA3000DB3EA /* WSYToastView.m */; };
		F7F2EBF82361CEA3000DB3EA /* GlobalQueueOperation.m in Sources */ = {isa = PBXBuildFile; fileRef = F7F2EBF22361CEA3000DB3EA /* GlobalQueueOperation.m */; };
		F7F2EBF92361CEA3000DB3EA /* UIView+WSYToast.h in Headers */ = {isa = PBXBuildFile; fileRef = F7F2EBF32361CEA3000DB3EA /* UIView+WSYToast.h */; settings = {ATTRIBUTES = (Public, ); }; };
		F7F2EBFA2361CEA3000DB3EA /* WSYToastView.h in Headers */ = {isa = PBXBuildFile; fileRef = F7F2EBF42361CEA3000DB3EA /* WSYToastView.h */; settings = {ATTRIBUTES = (Public, ); }; };
		F7F2EBFB2361CEA3000DB3EA /* UIView+WSYToast.m in Sources */ = {isa = PBXBuildFile; fileRef = F7F2EBF52361CEA3000DB3EA /* UIView+WSYToast.m */; };
		F7F2EBFE2361CF26000DB3EA /* UIView+Extension.h in Headers */ = {isa = PBXBuildFile; fileRef = F7F2EBFC2361CF25000DB3EA /* UIView+Extension.h */; settings = {ATTRIBUTES = (Public, ); }; };
		F7F2EBFF2361CF26000DB3EA /* UIView+Extension.m in Sources */ = {isa = PBXBuildFile; fileRef = F7F2EBFD2361CF26000DB3EA /* UIView+Extension.m */; };
/* End PBXBuildFile section */

/* Begin PBXFileReference section */
		F76ED81A23718F3F0056A721 /* UIViewController+FGPushS.h */ = {isa = PBXFileReference; lastKnownFileType = sourcecode.c.h; path = "UIViewController+FGPushS.h"; sourceTree = "<group>"; };
		F76ED81B23718F3F0056A721 /* UIViewController+FGPushS.m */ = {isa = PBXFileReference; lastKnownFileType = sourcecode.c.objc; path = "UIViewController+FGPushS.m"; sourceTree = "<group>"; };
		F770A51E233CB99000121A10 /* FGUIKit.framework */ = {isa = PBXFileReference; explicitFileType = wrapper.framework; includeInIndex = 0; path = FGUIKit.framework; sourceTree = BUILT_PRODUCTS_DIR; };
		F770A521233CB99000121A10 /* FGUIKit.h */ = {isa = PBXFileReference; lastKnownFileType = sourcecode.c.h; path = FGUIKit.h; sourceTree = "<group>"; };
		F770A522233CB99000121A10 /* Info.plist */ = {isa = PBXFileReference; lastKnownFileType = text.plist.xml; path = Info.plist; sourceTree = "<group>"; };
		F770A534233CBBEB00121A10 /* FGViewController.m */ = {isa = PBXFileReference; fileEncoding = 4; lastKnownFileType = sourcecode.c.objc; path = FGViewController.m; sourceTree = "<group>"; };
		F770A535233CBBEB00121A10 /* FGViewController.h */ = {isa = PBXFileReference; fileEncoding = 4; lastKnownFileType = sourcecode.c.h; path = FGViewController.h; sourceTree = "<group>"; };
		F770A53D233F4C8300121A10 /* FGTabbarConfig.h */ = {isa = PBXFileReference; lastKnownFileType = sourcecode.c.h; path = FGTabbarConfig.h; sourceTree = "<group>"; };
		F770A53E233F4C8300121A10 /* FGTabbarConfig.m */ = {isa = PBXFileReference; lastKnownFileType = sourcecode.c.objc; path = FGTabbarConfig.m; sourceTree = "<group>"; };
		F770A5492340659200121A10 /* FGImageLabelView.h */ = {isa = PBXFileReference; lastKnownFileType = sourcecode.c.h; path = FGImageLabelView.h; sourceTree = "<group>"; };
		F770A54A2340659200121A10 /* FGImageLabelView.m */ = {isa = PBXFileReference; lastKnownFileType = sourcecode.c.objc; path = FGImageLabelView.m; sourceTree = "<group>"; };
		F77226342376B8A200BB04B8 /* UIView+FGDrawImage.h */ = {isa = PBXFileReference; lastKnownFileType = sourcecode.c.h; path = "UIView+FGDrawImage.h"; sourceTree = "<group>"; };
		F77226352376B8A200BB04B8 /* UIView+FGDrawImage.m */ = {isa = PBXFileReference; lastKnownFileType = sourcecode.c.objc; path = "UIView+FGDrawImage.m"; sourceTree = "<group>"; };
		F77226392376BAF800BB04B8 /* UILabel+FGPointMethods.h */ = {isa = PBXFileReference; lastKnownFileType = sourcecode.c.h; path = "UILabel+FGPointMethods.h"; sourceTree = "<group>"; };
		F772263A2376BAF800BB04B8 /* UILabel+FGPointMethods.m */ = {isa = PBXFileReference; lastKnownFileType = sourcecode.c.objc; path = "UILabel+FGPointMethods.m"; sourceTree = "<group>"; };
		F772263D2377C28400BB04B8 /* UIView+FGQuiklySetUIS.h */ = {isa = PBXFileReference; lastKnownFileType = sourcecode.c.h; path = "UIView+FGQuiklySetUIS.h"; sourceTree = "<group>"; };
		F772263E2377C28400BB04B8 /* UIView+FGQuiklySetUIS.m */ = {isa = PBXFileReference; lastKnownFileType = sourcecode.c.objc; path = "UIView+FGQuiklySetUIS.m"; sourceTree = "<group>"; };
		F77226452377C52700BB04B8 /* UIView+FGPointMethods.h */ = {isa = PBXFileReference; lastKnownFileType = sourcecode.c.h; path = "UIView+FGPointMethods.h"; sourceTree = "<group>"; };
		F77226462377C52700BB04B8 /* UIView+FGPointMethods.m */ = {isa = PBXFileReference; lastKnownFileType = sourcecode.c.objc; path = "UIView+FGPointMethods.m"; sourceTree = "<group>"; };
		F77226712379055100BB04B8 /* FGMiddleTabBar.h */ = {isa = PBXFileReference; fileEncoding = 4; lastKnownFileType = sourcecode.c.h; path = FGMiddleTabBar.h; sourceTree = "<group>"; };
		F77226722379055100BB04B8 /* FGMiddleTabBar.m */ = {isa = PBXFileReference; fileEncoding = 4; lastKnownFileType = sourcecode.c.objc; path = FGMiddleTabBar.m; sourceTree = "<group>"; };
		F772267523790F9D00BB04B8 /* FGMiddleTabBarController.h */ = {isa = PBXFileReference; lastKnownFileType = sourcecode.c.h; path = FGMiddleTabBarController.h; sourceTree = "<group>"; };
		F772267623790F9D00BB04B8 /* FGMiddleTabBarController.m */ = {isa = PBXFileReference; lastKnownFileType = sourcecode.c.objc; path = FGMiddleTabBarController.m; sourceTree = "<group>"; };
		F772269223797C7C00BB04B8 /* UIView+FGGradient.h */ = {isa = PBXFileReference; fileEncoding = 4; lastKnownFileType = sourcecode.c.h; path = "UIView+FGGradient.h"; sourceTree = "<group>"; };
		F772269323797C7C00BB04B8 /* UIView+FGGradient.m */ = {isa = PBXFileReference; fileEncoding = 4; lastKnownFileType = sourcecode.c.objc; path = "UIView+FGGradient.m"; sourceTree = "<group>"; };
		F772269B237981CA00BB04B8 /* UIViewController+EasyAlert.m */ = {isa = PBXFileReference; fileEncoding = 4; lastKnownFileType = sourcecode.c.objc; path = "UIViewController+EasyAlert.m"; sourceTree = "<group>"; };
		F772269C237981CA00BB04B8 /* UIViewController+EasyAlert.h */ = {isa = PBXFileReference; fileEncoding = 4; lastKnownFileType = sourcecode.c.h; path = "UIViewController+EasyAlert.h"; sourceTree = "<group>"; };
		F77226A02379AC5900BB04B8 /* UIImageView+SDWebImageManageS.h */ = {isa = PBXFileReference; lastKnownFileType = sourcecode.c.h; path = "UIImageView+SDWebImageManageS.h"; sourceTree = "<group>"; };
		F77226A12379AC5900BB04B8 /* UIImageView+SDWebImageManageS.m */ = {isa = PBXFileReference; lastKnownFileType = sourcecode.c.objc; path = "UIImageView+SDWebImageManageS.m"; sourceTree = "<group>"; };
		F77226A42379B9EF00BB04B8 /* UIScrollView+FGEndAllRefreshS.h */ = {isa = PBXFileReference; lastKnownFileType = sourcecode.c.h; path = "UIScrollView+FGEndAllRefreshS.h"; sourceTree = "<group>"; };
		F77226A52379B9EF00BB04B8 /* UIScrollView+FGEndAllRefreshS.m */ = {isa = PBXFileReference; lastKnownFileType = sourcecode.c.objc; path = "UIScrollView+FGEndAllRefreshS.m"; sourceTree = "<group>"; };
		F7764882234F2247001FA038 /* FGImgLabViews.h */ = {isa = PBXFileReference; lastKnownFileType = sourcecode.c.h; path = FGImgLabViews.h; sourceTree = "<group>"; };
		F7764883234F2247001FA038 /* FGImgLabViews.m */ = {isa = PBXFileReference; lastKnownFileType = sourcecode.c.objc; path = FGImgLabViews.m; sourceTree = "<group>"; };
		F7A5A81D23556BAB00C973AB /* UIView+FGEvent.m */ = {isa = PBXFileReference; fileEncoding = 4; lastKnownFileType = sourcecode.c.objc; path = "UIView+FGEvent.m"; sourceTree = "<group>"; };
		F7A5A81E23556BAC00C973AB /* UIView+FGEvent.h */ = {isa = PBXFileReference; fileEncoding = 4; lastKnownFileType = sourcecode.c.h; path = "UIView+FGEvent.h"; sourceTree = "<group>"; };
		F7A5A823235572E300C973AB /* UITabBarController+FGEasySetup.m */ = {isa = PBXFileReference; fileEncoding = 4; lastKnownFileType = sourcecode.c.objc; path = "UITabBarController+FGEasySetup.m"; sourceTree = "<group>"; };
		F7A5A824235572E300C973AB /* UITabBarController+FGEasySetup.h */ = {isa = PBXFileReference; fileEncoding = 4; lastKnownFileType = sourcecode.c.h; path = "UITabBarController+FGEasySetup.h"; sourceTree = "<group>"; };
		F7A5A8282355BB9900C973AB /* FGImgTCell.h */ = {isa = PBXFileReference; lastKnownFileType = sourcecode.c.h; path = FGImgTCell.h; sourceTree = "<group>"; };
		F7A5A8292355BB9900C973AB /* FGImgTCell.m */ = {isa = PBXFileReference; lastKnownFileType = sourcecode.c.objc; path = FGImgTCell.m; sourceTree = "<group>"; };
		F7A5A82C2355BBD300C973AB /* FGImgCCell.h */ = {isa = PBXFileReference; lastKnownFileType = sourcecode.c.h; path = FGImgCCell.h; sourceTree = "<group>"; };
		F7A5A82D2355BBD300C973AB /* FGImgCCell.m */ = {isa = PBXFileReference; lastKnownFileType = sourcecode.c.objc; path = FGImgCCell.m; sourceTree = "<group>"; };
		F7A5A8312355CF5300C973AB /* FGFloatView.h */ = {isa = PBXFileReference; lastKnownFileType = sourcecode.c.h; path = FGFloatView.h; sourceTree = "<group>"; };
		F7A5A8322355CF5300C973AB /* FGFloatView.m */ = {isa = PBXFileReference; lastKnownFileType = sourcecode.c.objc; path = FGFloatView.m; sourceTree = "<group>"; };
		F7A5A836235861C600C973AB /* FGCollectionViewS.h */ = {isa = PBXFileReference; lastKnownFileType = sourcecode.c.h; path = FGCollectionViewS.h; sourceTree = "<group>"; };
		F7A5A837235861C600C973AB /* FGCollectionViewS.m */ = {isa = PBXFileReference; lastKnownFileType = sourcecode.c.objc; path = FGCollectionViewS.m; sourceTree = "<group>"; };
		F7A5A83C2358750400C973AB /* UICollectionView+FGRegister.h */ = {isa = PBXFileReference; lastKnownFileType = sourcecode.c.h; path = "UICollectionView+FGRegister.h"; sourceTree = "<group>"; };
		F7A5A83D2358750400C973AB /* UICollectionView+FGRegister.m */ = {isa = PBXFileReference; lastKnownFileType = sourcecode.c.objc; path = "UICollectionView+FGRegister.m"; sourceTree = "<group>"; };
		F7A5A8402359B55200C973AB /* UITableView+FGAdditional.h */ = {isa = PBXFileReference; lastKnownFileType = sourcecode.c.h; path = "UITableView+FGAdditional.h"; sourceTree = "<group>"; };
		F7A5A8412359B55200C973AB /* UITableView+FGAdditional.m */ = {isa = PBXFileReference; lastKnownFileType = sourcecode.c.objc; path = "UITableView+FGAdditional.m"; sourceTree = "<group>"; };
		F7A5A8442359BD7400C973AB /* FGTableViewS.h */ = {isa = PBXFileReference; lastKnownFileType = sourcecode.c.h; path = FGTableViewS.h; sourceTree = "<group>"; };
		F7A5A8452359BD7400C973AB /* FGTableViewS.m */ = {isa = PBXFileReference; lastKnownFileType = sourcecode.c.objc; path = FGTableViewS.m; sourceTree = "<group>"; };
		F7A5A8482359C82000C973AB /* UIView+FGNavBarSubViewRect.h */ = {isa = PBXFileReference; lastKnownFileType = sourcecode.c.h; path = "UIView+FGNavBarSubViewRect.h"; sourceTree = "<group>"; };
		F7A5A8492359C82000C973AB /* UIView+FGNavBarSubViewRect.m */ = {isa = PBXFileReference; lastKnownFileType = sourcecode.c.objc; path = "UIView+FGNavBarSubViewRect.m"; sourceTree = "<group>"; };
		F7A5A84D2359CBF000C973AB /* FGMultiSubPageScrollView.h */ = {isa = PBXFileReference; lastKnownFileType = sourcecode.c.h; path = FGMultiSubPageScrollView.h; sourceTree = "<group>"; };
		F7A5A84E2359CBF000C973AB /* FGMultiSubPageScrollView.m */ = {isa = PBXFileReference; lastKnownFileType = sourcecode.c.objc; path = FGMultiSubPageScrollView.m; sourceTree = "<group>"; };
		F7A5A852235D5BE100C973AB /* FGSegment.h */ = {isa = PBXFileReference; lastKnownFileType = sourcecode.c.h; path = FGSegment.h; sourceTree = "<group>"; };
		F7A5A853235D5BE100C973AB /* FGSegment.m */ = {isa = PBXFileReference; lastKnownFileType = sourcecode.c.objc; path = FGSegment.m; sourceTree = "<group>"; };
		F7A5A858235DBB0800C973AB /* FGBigSelectSegment.h */ = {isa = PBXFileReference; lastKnownFileType = sourcecode.c.h; path = FGBigSelectSegment.h; sourceTree = "<group>"; };
		F7A5A859235DBB0800C973AB /* FGBigSelectSegment.m */ = {isa = PBXFileReference; lastKnownFileType = sourcecode.c.objc; path = FGBigSelectSegment.m; sourceTree = "<group>"; };
		F7A5A85D235EA07600C973AB /* FGSegmentSubsView.h */ = {isa = PBXFileReference; lastKnownFileType = sourcecode.c.h; path = FGSegmentSubsView.h; sourceTree = "<group>"; };
		F7A5A85E235EA07600C973AB /* FGSegmentSubsView.m */ = {isa = PBXFileReference; lastKnownFileType = sourcecode.c.objc; path = FGSegmentSubsView.m; sourceTree = "<group>"; };
		F7F2EBDD2361B450000DB3EA /* WsHUD.h */ = {isa = PBXFileReference; fileEncoding = 4; lastKnownFileType = sourcecode.c.h; path = WsHUD.h; sourceTree = "<group>"; };
		F7F2EBDE2361B450000DB3EA /* WsHUD.m */ = {isa = PBXFileReference; fileEncoding = 4; lastKnownFileType = sourcecode.c.objc; path = WsHUD.m; sourceTree = "<group>"; };
		F7F2EBF02361CEA3000DB3EA /* GlobalQueueOperation.h */ = {isa = PBXFileReference; fileEncoding = 4; lastKnownFileType = sourcecode.c.h; path = GlobalQueueOperation.h; sourceTree = "<group>"; };
		F7F2EBF12361CEA3000DB3EA /* WSYToastView.m */ = {isa = PBXFileReference; fileEncoding = 4; lastKnownFileType = sourcecode.c.objc; path = WSYToastView.m; sourceTree = "<group>"; };
		F7F2EBF22361CEA3000DB3EA /* GlobalQueueOperation.m */ = {isa = PBXFileReference; fileEncoding = 4; lastKnownFileType = sourcecode.c.objc; path = GlobalQueueOperation.m; sourceTree = "<group>"; };
		F7F2EBF32361CEA3000DB3EA /* UIView+WSYToast.h */ = {isa = PBXFileReference; fileEncoding = 4; lastKnownFileType = sourcecode.c.h; path = "UIView+WSYToast.h"; sourceTree = "<group>"; };
		F7F2EBF42361CEA3000DB3EA /* WSYToastView.h */ = {isa = PBXFileReference; fileEncoding = 4; lastKnownFileType = sourcecode.c.h; path = WSYToastView.h; sourceTree = "<group>"; };
		F7F2EBF52361CEA3000DB3EA /* UIView+WSYToast.m */ = {isa = PBXFileReference; fileEncoding = 4; lastKnownFileType = sourcecode.c.objc; path = "UIView+WSYToast.m"; sourceTree = "<group>"; };
		F7F2EBFC2361CF25000DB3EA /* UIView+Extension.h */ = {isa = PBXFileReference; fileEncoding = 4; lastKnownFileType = sourcecode.c.h; path = "UIView+Extension.h"; sourceTree = "<group>"; };
		F7F2EBFD2361CF26000DB3EA /* UIView+Extension.m */ = {isa = PBXFileReference; fileEncoding = 4; lastKnownFileType = sourcecode.c.objc; path = "UIView+Extension.m"; sourceTree = "<group>"; };
/* End PBXFileReference section */

/* Begin PBXFrameworksBuildPhase section */
		F770A51B233CB99000121A10 /* Frameworks */ = {
			isa = PBXFrameworksBuildPhase;
			buildActionMask = 2147483647;
			files = (
			);
			runOnlyForDeploymentPostprocessing = 0;
		};
/* End PBXFrameworksBuildPhase section */

/* Begin PBXGroup section */
		F770071223615772003BE710 /* hud */ = {
			isa = PBXGroup;
			children = (
				F7F2EBDD2361B450000DB3EA /* WsHUD.h */,
				F7F2EBDE2361B450000DB3EA /* WsHUD.m */,
			);
			path = hud;
			sourceTree = "<group>";
		};
		F770A514233CB99000121A10 = {
			isa = PBXGroup;
			children = (
				F770A520233CB99000121A10 /* FGUIKit */,
				F770A51F233CB99000121A10 /* Products */,
			);
			sourceTree = "<group>";
		};
		F770A51F233CB99000121A10 /* Products */ = {
			isa = PBXGroup;
			children = (
				F770A51E233CB99000121A10 /* FGUIKit.framework */,
			);
			name = Products;
			sourceTree = "<group>";
		};
		F770A520233CB99000121A10 /* FGUIKit */ = {
			isa = PBXGroup;
			children = (
				F770A521233CB99000121A10 /* FGUIKit.h */,
				F770A533233CBBEB00121A10 /* viewController */,
				F770A538233CD3AF00121A10 /* tabbarController */,
				F7764886235057C6001FA038 /* UIView */,
				F772269F2379848900BB04B8 /* UIImageView */,
				F77226382376BAB200BB04B8 /* UILabel */,
				F7A5A83523585FCC00C973AB /* table */,
				F7A5A8272355BB3D00C973AB /* Cell */,
				F770A5472340640C00121A10 /* customerView */,
				F770A522233CB99000121A10 /* Info.plist */,
			);
			path = FGUIKit;
			sourceTree = "<group>";
		};
		F770A533233CBBEB00121A10 /* viewController */ = {
			isa = PBXGroup;
			children = (
				F770A535233CBBEB00121A10 /* FGViewController.h */,
				F770A534233CBBEB00121A10 /* FGViewController.m */,
				F76ED81A23718F3F0056A721 /* UIViewController+FGPushS.h */,
				F76ED81B23718F3F0056A721 /* UIViewController+FGPushS.m */,
				F772269C237981CA00BB04B8 /* UIViewController+EasyAlert.h */,
				F772269B237981CA00BB04B8 /* UIViewController+EasyAlert.m */,
			);
			path = viewController;
			sourceTree = "<group>";
		};
		F770A538233CD3AF00121A10 /* tabbarController */ = {
			isa = PBXGroup;
			children = (
				F77226712379055100BB04B8 /* FGMiddleTabBar.h */,
				F77226722379055100BB04B8 /* FGMiddleTabBar.m */,
				F770A53D233F4C8300121A10 /* FGTabbarConfig.h */,
				F770A53E233F4C8300121A10 /* FGTabbarConfig.m */,
				F7A5A824235572E300C973AB /* UITabBarController+FGEasySetup.h */,
				F7A5A823235572E300C973AB /* UITabBarController+FGEasySetup.m */,
				F772267523790F9D00BB04B8 /* FGMiddleTabBarController.h */,
				F772267623790F9D00BB04B8 /* FGMiddleTabBarController.m */,
			);
			path = tabbarController;
			sourceTree = "<group>";
		};
		F770A5472340640C00121A10 /* customerView */ = {
			isa = PBXGroup;
			children = (
				F7A5A8302355CF2D00C973AB /* floatView */,
				F770A548234064A900121A10 /* imageLabelView */,
				F7A5A84C2359CB6900C973AB /* 分页滑动视图 */,
				F7A5A851235D5AF100C973AB /* segment */,
				F7A5A85C235DDF3200C973AB /* segment和分页组合视图 */,
				F770071223615772003BE710 /* hud */,
				F7F2EBEF2361CE2A000DB3EA /* toast */,
			);
			path = customerView;
			sourceTree = "<group>";
		};
		F770A548234064A900121A10 /* imageLabelView */ = {
			isa = PBXGroup;
			children = (
				F770A5492340659200121A10 /* FGImageLabelView.h */,
				F770A54A2340659200121A10 /* FGImageLabelView.m */,
				F7764882234F2247001FA038 /* FGImgLabViews.h */,
				F7764883234F2247001FA038 /* FGImgLabViews.m */,
			);
			path = imageLabelView;
			sourceTree = "<group>";
		};
		F77226382376BAB200BB04B8 /* UILabel */ = {
			isa = PBXGroup;
			children = (
				F77226392376BAF800BB04B8 /* UILabel+FGPointMethods.h */,
				F772263A2376BAF800BB04B8 /* UILabel+FGPointMethods.m */,
			);
			path = UILabel;
			sourceTree = "<group>";
		};
		F772269F2379848900BB04B8 /* UIImageView */ = {
			isa = PBXGroup;
			children = (
				F77226A02379AC5900BB04B8 /* UIImageView+SDWebImageManageS.h */,
				F77226A12379AC5900BB04B8 /* UIImageView+SDWebImageManageS.m */,
			);
			path = UIImageView;
			sourceTree = "<group>";
		};
		F7764886235057C6001FA038 /* UIView */ = {
			isa = PBXGroup;
			children = (
				F7A5A81E23556BAC00C973AB /* UIView+FGEvent.h */,
				F7A5A81D23556BAB00C973AB /* UIView+FGEvent.m */,
				F7A5A8482359C82000C973AB /* UIView+FGNavBarSubViewRect.h */,
				F7A5A8492359C82000C973AB /* UIView+FGNavBarSubViewRect.m */,
				F77226342376B8A200BB04B8 /* UIView+FGDrawImage.h */,
				F77226352376B8A200BB04B8 /* UIView+FGDrawImage.m */,
				F772263D2377C28400BB04B8 /* UIView+FGQuiklySetUIS.h */,
				F772263E2377C28400BB04B8 /* UIView+FGQuiklySetUIS.m */,
				F77226452377C52700BB04B8 /* UIView+FGPointMethods.h */,
				F77226462377C52700BB04B8 /* UIView+FGPointMethods.m */,
				F772269223797C7C00BB04B8 /* UIView+FGGradient.h */,
				F772269323797C7C00BB04B8 /* UIView+FGGradient.m */,
			);
			path = UIView;
			sourceTree = "<group>";
		};
		F7A5A8272355BB3D00C973AB /* Cell */ = {
			isa = PBXGroup;
			children = (
				F7A5A8282355BB9900C973AB /* FGImgTCell.h */,
				F7A5A8292355BB9900C973AB /* FGImgTCell.m */,
				F7A5A82C2355BBD300C973AB /* FGImgCCell.h */,
				F7A5A82D2355BBD300C973AB /* FGImgCCell.m */,
			);
			path = Cell;
			sourceTree = "<group>";
		};
		F7A5A8302355CF2D00C973AB /* floatView */ = {
			isa = PBXGroup;
			children = (
				F7A5A8312355CF5300C973AB /* FGFloatView.h */,
				F7A5A8322355CF5300C973AB /* FGFloatView.m */,
			);
			path = floatView;
			sourceTree = "<group>";
		};
		F7A5A83523585FCC00C973AB /* table */ = {
			isa = PBXGroup;
			children = (
				F7A5A83C2358750400C973AB /* UICollectionView+FGRegister.h */,
				F7A5A83D2358750400C973AB /* UICollectionView+FGRegister.m */,
				F7A5A836235861C600C973AB /* FGCollectionViewS.h */,
				F7A5A837235861C600C973AB /* FGCollectionViewS.m */,
				F7A5A8402359B55200C973AB /* UITableView+FGAdditional.h */,
				F7A5A8412359B55200C973AB /* UITableView+FGAdditional.m */,
				F7A5A8442359BD7400C973AB /* FGTableViewS.h */,
				F7A5A8452359BD7400C973AB /* FGTableViewS.m */,
				F77226A42379B9EF00BB04B8 /* UIScrollView+FGEndAllRefreshS.h */,
				F77226A52379B9EF00BB04B8 /* UIScrollView+FGEndAllRefreshS.m */,
			);
			path = table;
			sourceTree = "<group>";
		};
		F7A5A84C2359CB6900C973AB /* 分页滑动视图 */ = {
			isa = PBXGroup;
			children = (
				F7A5A84D2359CBF000C973AB /* FGMultiSubPageScrollView.h */,
				F7A5A84E2359CBF000C973AB /* FGMultiSubPageScrollView.m */,
			);
			path = "分页滑动视图";
			sourceTree = "<group>";
		};
		F7A5A851235D5AF100C973AB /* segment */ = {
			isa = PBXGroup;
			children = (
				F7A5A852235D5BE100C973AB /* FGSegment.h */,
				F7A5A853235D5BE100C973AB /* FGSegment.m */,
				F7A5A858235DBB0800C973AB /* FGBigSelectSegment.h */,
				F7A5A859235DBB0800C973AB /* FGBigSelectSegment.m */,
			);
			path = segment;
			sourceTree = "<group>";
		};
		F7A5A85C235DDF3200C973AB /* segment和分页组合视图 */ = {
			isa = PBXGroup;
			children = (
				F7A5A85D235EA07600C973AB /* FGSegmentSubsView.h */,
				F7A5A85E235EA07600C973AB /* FGSegmentSubsView.m */,
			);
			path = "segment和分页组合视图";
			sourceTree = "<group>";
		};
		F7F2EBEF2361CE2A000DB3EA /* toast */ = {
			isa = PBXGroup;
			children = (
				F7F2EBFC2361CF25000DB3EA /* UIView+Extension.h */,
				F7F2EBFD2361CF26000DB3EA /* UIView+Extension.m */,
				F7F2EBF02361CEA3000DB3EA /* GlobalQueueOperation.h */,
				F7F2EBF22361CEA3000DB3EA /* GlobalQueueOperation.m */,
				F7F2EBF32361CEA3000DB3EA /* UIView+WSYToast.h */,
				F7F2EBF52361CEA3000DB3EA /* UIView+WSYToast.m */,
				F7F2EBF42361CEA3000DB3EA /* WSYToastView.h */,
				F7F2EBF12361CEA3000DB3EA /* WSYToastView.m */,
			);
			path = toast;
			sourceTree = "<group>";
		};
/* End PBXGroup section */

/* Begin PBXHeadersBuildPhase section */
		F770A519233CB99000121A10 /* Headers */ = {
			isa = PBXHeadersBuildPhase;
			buildActionMask = 2147483647;
			files = (
				F7A5A8462359BD7400C973AB /* FGTableViewS.h in Headers */,
				F7A5A84F2359CBF000C973AB /* FGMultiSubPageScrollView.h in Headers */,
				F77226A22379AC5900BB04B8 /* UIImageView+SDWebImageManageS.h in Headers */,
				F7A5A84A2359C82000C973AB /* UIView+FGNavBarSubViewRect.h in Headers */,
				F7A5A83E2358750400C973AB /* UICollectionView+FGRegister.h in Headers */,
				F7A5A8332355CF5300C973AB /* FGFloatView.h in Headers */,
				F7A5A838235861C600C973AB /* FGCollectionViewS.h in Headers */,
				F7A5A82E2355BBD300C973AB /* FGImgCCell.h in Headers */,
				F7A5A82A2355BB9900C973AB /* FGImgTCell.h in Headers */,
				F772269423797C7C00BB04B8 /* UIView+FGGradient.h in Headers */,
				F7A5A826235572E400C973AB /* UITabBarController+FGEasySetup.h in Headers */,
				F772269E237981CA00BB04B8 /* UIViewController+EasyAlert.h in Headers */,
				F7A5A82023556BAC00C973AB /* UIView+FGEvent.h in Headers */,
				F7764884234F2247001FA038 /* FGImgLabViews.h in Headers */,
				F770A54B2340659200121A10 /* FGImageLabelView.h in Headers */,
				F770A53F233F4C8400121A10 /* FGTabbarConfig.h in Headers */,
				F7A5A854235D5BE100C973AB /* FGSegment.h in Headers */,
				F7A5A85A235DBB0800C973AB /* FGBigSelectSegment.h in Headers */,
				F7F2EBFA2361CEA3000DB3EA /* WSYToastView.h in Headers */,
				F7A5A85F235EA07600C973AB /* FGSegmentSubsView.h in Headers */,
				F7F2EBDF2361B450000DB3EA /* WsHUD.h in Headers */,
				F772267723790F9D00BB04B8 /* FGMiddleTabBarController.h in Headers */,
				F770A537233CBBEB00121A10 /* FGViewController.h in Headers */,
				F77226362376B8A200BB04B8 /* UIView+FGDrawImage.h in Headers */,
				F7F2EBFE2361CF26000DB3EA /* UIView+Extension.h in Headers */,
				F77226472377C52700BB04B8 /* UIView+FGPointMethods.h in Headers */,
				F7A5A8422359B55200C973AB /* UITableView+FGAdditional.h in Headers */,
				F772263B2376BAF800BB04B8 /* UILabel+FGPointMethods.h in Headers */,
				F77226732379055100BB04B8 /* FGMiddleTabBar.h in Headers */,
				F77226A62379B9EF00BB04B8 /* UIScrollView+FGEndAllRefreshS.h in Headers */,
				F7F2EBF62361CEA3000DB3EA /* GlobalQueueOperation.h in Headers */,
				F772263F2377C28400BB04B8 /* UIView+FGQuiklySetUIS.h in Headers */,
				F770A523233CB99000121A10 /* FGUIKit.h in Headers */,
				F76ED81C23718F3F0056A721 /* UIViewController+FGPushS.h in Headers */,
				F7F2EBF92361CEA3000DB3EA /* UIView+WSYToast.h in Headers */,
			);
			runOnlyForDeploymentPostprocessing = 0;
		};
/* End PBXHeadersBuildPhase section */

/* Begin PBXNativeTarget section */
		F770A51D233CB99000121A10 /* FGUIKit */ = {
			isa = PBXNativeTarget;
			buildConfigurationList = F770A526233CB99000121A10 /* Build configuration list for PBXNativeTarget "FGUIKit" */;
			buildPhases = (
				F770A519233CB99000121A10 /* Headers */,
				F770A51A233CB99000121A10 /* Sources */,
				F770A51B233CB99000121A10 /* Frameworks */,
				F770A51C233CB99000121A10 /* Resources */,
			);
			buildRules = (
			);
			dependencies = (
			);
			name = FGUIKit;
			productName = FGUIKit;
			productReference = F770A51E233CB99000121A10 /* FGUIKit.framework */;
			productType = "com.apple.product-type.framework";
		};
/* End PBXNativeTarget section */

/* Begin PBXProject section */
		F770A515233CB99000121A10 /* Project object */ = {
			isa = PBXProject;
			attributes = {
				LastUpgradeCheck = 1010;
				ORGANIZATIONNAME = hh;
				TargetAttributes = {
					F770A51D233CB99000121A10 = {
						CreatedOnToolsVersion = 10.1;
					};
				};
			};
			buildConfigurationList = F770A518233CB99000121A10 /* Build configuration list for PBXProject "FGUIKit" */;
			compatibilityVersion = "Xcode 9.3";
			developmentRegion = en;
			hasScannedForEncodings = 0;
			knownRegions = (
				en,
			);
			mainGroup = F770A514233CB99000121A10;
			productRefGroup = F770A51F233CB99000121A10 /* Products */;
			projectDirPath = "";
			projectRoot = "";
			targets = (
				F770A51D233CB99000121A10 /* FGUIKit */,
			);
		};
/* End PBXProject section */

/* Begin PBXResourcesBuildPhase section */
		F770A51C233CB99000121A10 /* Resources */ = {
			isa = PBXResourcesBuildPhase;
			buildActionMask = 2147483647;
			files = (
			);
			runOnlyForDeploymentPostprocessing = 0;
		};
/* End PBXResourcesBuildPhase section */

/* Begin PBXSourcesBuildPhase section */
		F770A51A233CB99000121A10 /* Sources */ = {
			isa = PBXSourcesBuildPhase;
			buildActionMask = 2147483647;
			files = (
				F7764885234F2247001FA038 /* FGImgLabViews.m in Sources */,
				F772267823790F9D00BB04B8 /* FGMiddleTabBarController.m in Sources */,
				F7A5A8472359BD7400C973AB /* FGTableViewS.m in Sources */,
				F7A5A839235861C600C973AB /* FGCollectionViewS.m in Sources */,
				F770A54C2340659200121A10 /* FGImageLabelView.m in Sources */,
				F7A5A825235572E400C973AB /* UITabBarController+FGEasySetup.m in Sources */,
				F7A5A85B235DBB0800C973AB /* FGBigSelectSegment.m in Sources */,
				F7F2EBFB2361CEA3000DB3EA /* UIView+WSYToast.m in Sources */,
				F77226742379055100BB04B8 /* FGMiddleTabBar.m in Sources */,
				F772269D237981CA00BB04B8 /* UIViewController+EasyAlert.m in Sources */,
				F7A5A860235EA07600C973AB /* FGSegmentSubsView.m in Sources */,
				F7A5A81F23556BAC00C973AB /* UIView+FGEvent.m in Sources */,
				F77226482377C52700BB04B8 /* UIView+FGPointMethods.m in Sources */,
				F772269523797C7C00BB04B8 /* UIView+FGGradient.m in Sources */,
				F7A5A855235D5BE100C973AB /* FGSegment.m in Sources */,
				F77226402377C28400BB04B8 /* UIView+FGQuiklySetUIS.m in Sources */,
				F77226372376B8A200BB04B8 /* UIView+FGDrawImage.m in Sources */,
				F77226A32379AC5900BB04B8 /* UIImageView+SDWebImageManageS.m in Sources */,
				F7A5A82F2355BBD300C973AB /* FGImgCCell.m in Sources */,
				F770A540233F4C8400121A10 /* FGTabbarConfig.m in Sources */,
				F7A5A8432359B55200C973AB /* UITableView+FGAdditional.m in Sources */,
				F7A5A82B2355BB9900C973AB /* FGImgTCell.m in Sources */,
				F7A5A83F2358750400C973AB /* UICollectionView+FGRegister.m in Sources */,
				F7F2EBF72361CEA3000DB3EA /* WSYToastView.m in Sources */,
				F7A5A8342355CF5300C973AB /* FGFloatView.m in Sources */,
				F76ED81D23718F3F0056A721 /* UIViewController+FGPushS.m in Sources */,
				F770A536233CBBEB00121A10 /* FGViewController.m in Sources */,
				F7F2EBF82361CEA3000DB3EA /* GlobalQueueOperation.m in Sources */,
				F77226A72379B9EF00BB04B8 /* UIScrollView+FGEndAllRefreshS.m in Sources */,
				F7F2EBFF2361CF26000DB3EA /* UIView+Extension.m in Sources */,
				F7F2EBE02361B450000DB3EA /* WsHUD.m in Sources */,
				F772263C2376BAF800BB04B8 /* UILabel+FGPointMethods.m in Sources */,
				F7A5A8502359CBF000C973AB /* FGMultiSubPageScrollView.m in Sources */,
				F7A5A84B2359C82000C973AB /* UIView+FGNavBarSubViewRect.m in Sources */,
			);
			runOnlyForDeploymentPostprocessing = 0;
		};
/* End PBXSourcesBuildPhase section */

/* Begin XCBuildConfiguration section */
		F770A524233CB99000121A10 /* Debug */ = {
			isa = XCBuildConfiguration;
			buildSettings = {
				ALWAYS_SEARCH_USER_PATHS = NO;
				CLANG_ANALYZER_NONNULL = YES;
				CLANG_ANALYZER_NUMBER_OBJECT_CONVERSION = YES_AGGRESSIVE;
				CLANG_CXX_LANGUAGE_STANDARD = "gnu++14";
				CLANG_CXX_LIBRARY = "libc++";
				CLANG_ENABLE_MODULES = YES;
				CLANG_ENABLE_OBJC_ARC = YES;
				CLANG_ENABLE_OBJC_WEAK = YES;
				CLANG_WARN_BLOCK_CAPTURE_AUTORELEASING = YES;
				CLANG_WARN_BOOL_CONVERSION = YES;
				CLANG_WARN_COMMA = YES;
				CLANG_WARN_CONSTANT_CONVERSION = YES;
				CLANG_WARN_DEPRECATED_OBJC_IMPLEMENTATIONS = YES;
				CLANG_WARN_DIRECT_OBJC_ISA_USAGE = YES_ERROR;
				CLANG_WARN_DOCUMENTATION_COMMENTS = YES;
				CLANG_WARN_EMPTY_BODY = YES;
				CLANG_WARN_ENUM_CONVERSION = YES;
				CLANG_WARN_INFINITE_RECURSION = YES;
				CLANG_WARN_INT_CONVERSION = YES;
				CLANG_WARN_NON_LITERAL_NULL_CONVERSION = YES;
				CLANG_WARN_OBJC_IMPLICIT_RETAIN_SELF = YES;
				CLANG_WARN_OBJC_LITERAL_CONVERSION = YES;
				CLANG_WARN_OBJC_ROOT_CLASS = YES_ERROR;
				CLANG_WARN_RANGE_LOOP_ANALYSIS = YES;
				CLANG_WARN_STRICT_PROTOTYPES = YES;
				CLANG_WARN_SUSPICIOUS_MOVE = YES;
				CLANG_WARN_UNGUARDED_AVAILABILITY = YES_AGGRESSIVE;
				CLANG_WARN_UNREACHABLE_CODE = YES;
				CLANG_WARN__DUPLICATE_METHOD_MATCH = YES;
				CODE_SIGN_IDENTITY = "iPhone Developer";
				COPY_PHASE_STRIP = NO;
				CURRENT_PROJECT_VERSION = 1;
				DEBUG_INFORMATION_FORMAT = dwarf;
				ENABLE_STRICT_OBJC_MSGSEND = YES;
				ENABLE_TESTABILITY = YES;
				GCC_C_LANGUAGE_STANDARD = gnu11;
				GCC_DYNAMIC_NO_PIC = NO;
				GCC_NO_COMMON_BLOCKS = YES;
				GCC_OPTIMIZATION_LEVEL = 0;
				GCC_PREPROCESSOR_DEFINITIONS = (
					"DEBUG=1",
					"$(inherited)",
				);
				GCC_WARN_64_TO_32_BIT_CONVERSION = YES;
				GCC_WARN_ABOUT_RETURN_TYPE = YES_ERROR;
				GCC_WARN_UNDECLARED_SELECTOR = YES;
				GCC_WARN_UNINITIALIZED_AUTOS = YES_AGGRESSIVE;
				GCC_WARN_UNUSED_FUNCTION = YES;
				GCC_WARN_UNUSED_VARIABLE = YES;
				IPHONEOS_DEPLOYMENT_TARGET = 10.0;
				MTL_ENABLE_DEBUG_INFO = INCLUDE_SOURCE;
				MTL_FAST_MATH = YES;
				ONLY_ACTIVE_ARCH = YES;
				SDKROOT = iphoneos;
				VERSIONING_SYSTEM = "apple-generic";
				VERSION_INFO_PREFIX = "";
			};
			name = Debug;
		};
		F770A525233CB99000121A10 /* Release */ = {
			isa = XCBuildConfiguration;
			buildSettings = {
				ALWAYS_SEARCH_USER_PATHS = NO;
				CLANG_ANALYZER_NONNULL = YES;
				CLANG_ANALYZER_NUMBER_OBJECT_CONVERSION = YES_AGGRESSIVE;
				CLANG_CXX_LANGUAGE_STANDARD = "gnu++14";
				CLANG_CXX_LIBRARY = "libc++";
				CLANG_ENABLE_MODULES = YES;
				CLANG_ENABLE_OBJC_ARC = YES;
				CLANG_ENABLE_OBJC_WEAK = YES;
				CLANG_WARN_BLOCK_CAPTURE_AUTORELEASING = YES;
				CLANG_WARN_BOOL_CONVERSION = YES;
				CLANG_WARN_COMMA = YES;
				CLANG_WARN_CONSTANT_CONVERSION = YES;
				CLANG_WARN_DEPRECATED_OBJC_IMPLEMENTATIONS = YES;
				CLANG_WARN_DIRECT_OBJC_ISA_USAGE = YES_ERROR;
				CLANG_WARN_DOCUMENTATION_COMMENTS = YES;
				CLANG_WARN_EMPTY_BODY = YES;
				CLANG_WARN_ENUM_CONVERSION = YES;
				CLANG_WARN_INFINITE_RECURSION = YES;
				CLANG_WARN_INT_CONVERSION = YES;
				CLANG_WARN_NON_LITERAL_NULL_CONVERSION = YES;
				CLANG_WARN_OBJC_IMPLICIT_RETAIN_SELF = YES;
				CLANG_WARN_OBJC_LITERAL_CONVERSION = YES;
				CLANG_WARN_OBJC_ROOT_CLASS = YES_ERROR;
				CLANG_WARN_RANGE_LOOP_ANALYSIS = YES;
				CLANG_WARN_STRICT_PROTOTYPES = YES;
				CLANG_WARN_SUSPICIOUS_MOVE = YES;
				CLANG_WARN_UNGUARDED_AVAILABILITY = YES_AGGRESSIVE;
				CLANG_WARN_UNREACHABLE_CODE = YES;
				CLANG_WARN__DUPLICATE_METHOD_MATCH = YES;
				CODE_SIGN_IDENTITY = "iPhone Developer";
				COPY_PHASE_STRIP = NO;
				CURRENT_PROJECT_VERSION = 1;
				DEBUG_INFORMATION_FORMAT = "dwarf-with-dsym";
				ENABLE_NS_ASSERTIONS = NO;
				ENABLE_STRICT_OBJC_MSGSEND = YES;
				GCC_C_LANGUAGE_STANDARD = gnu11;
				GCC_NO_COMMON_BLOCKS = YES;
				GCC_WARN_64_TO_32_BIT_CONVERSION = YES;
				GCC_WARN_ABOUT_RETURN_TYPE = YES_ERROR;
				GCC_WARN_UNDECLARED_SELECTOR = YES;
				GCC_WARN_UNINITIALIZED_AUTOS = YES_AGGRESSIVE;
				GCC_WARN_UNUSED_FUNCTION = YES;
				GCC_WARN_UNUSED_VARIABLE = YES;
				IPHONEOS_DEPLOYMENT_TARGET = 10.0;
				MTL_ENABLE_DEBUG_INFO = NO;
				MTL_FAST_MATH = YES;
				SDKROOT = iphoneos;
				VALIDATE_PRODUCT = YES;
				VERSIONING_SYSTEM = "apple-generic";
				VERSION_INFO_PREFIX = "";
			};
			name = Release;
		};
		F770A527233CB99000121A10 /* Debug */ = {
			isa = XCBuildConfiguration;
			buildSettings = {
				ARCHS = (
					"$(ARCHS_STANDARD)",
					armv7s,
				);
				CODE_SIGN_IDENTITY = "";
				CODE_SIGN_STYLE = Automatic;
				DEAD_CODE_STRIPPING = NO;
				DEFINES_MODULE = YES;
				DEVELOPMENT_TEAM = 9YWRZXQE7K;
				DYLIB_COMPATIBILITY_VERSION = 1;
				DYLIB_CURRENT_VERSION = 1;
				DYLIB_INSTALL_NAME_BASE = "@rpath";
				INFOPLIST_FILE = FGUIKit/Info.plist;
				INSTALL_PATH = "$(LOCAL_LIBRARY_DIR)/Frameworks";
				LD_RUNPATH_SEARCH_PATHS = (
					"$(inherited)",
					"@executable_path/Frameworks",
					"@loader_path/Frameworks",
				);
				LINK_WITH_STANDARD_LIBRARIES = NO;
				MACH_O_TYPE = staticlib;
				OTHER_LDFLAGS = (
					"-ObjC",
					"-all_load",
				);
				PRODUCT_BUNDLE_IDENTIFIER = com.hh.FGUIKit;
				PRODUCT_NAME = "$(TARGET_NAME:c99extidentifier)";
				SKIP_INSTALL = YES;
				TARGETED_DEVICE_FAMILY = "1,2";
			};
			name = Debug;
		};
		F770A528233CB99000121A10 /* Release */ = {
			isa = XCBuildConfiguration;
			buildSettings = {
				ARCHS = (
					"$(ARCHS_STANDARD)",
					armv7s,
				);
				CODE_SIGN_IDENTITY = "";
				CODE_SIGN_STYLE = Automatic;
				DEAD_CODE_STRIPPING = NO;
				DEFINES_MODULE = YES;
				DEVELOPMENT_TEAM = 9YWRZXQE7K;
				DYLIB_COMPATIBILITY_VERSION = 1;
				DYLIB_CURRENT_VERSION = 1;
				DYLIB_INSTALL_NAME_BASE = "@rpath";
				INFOPLIST_FILE = FGUIKit/Info.plist;
				INSTALL_PATH = "$(LOCAL_LIBRARY_DIR)/Frameworks";
				LD_RUNPATH_SEARCH_PATHS = (
					"$(inherited)",
					"@executable_path/Frameworks",
					"@loader_path/Frameworks",
				);
				LINK_WITH_STANDARD_LIBRARIES = NO;
				MACH_O_TYPE = staticlib;
				OTHER_LDFLAGS = (
					"-ObjC",
					"-all_load",
				);
				PRODUCT_BUNDLE_IDENTIFIER = com.hh.FGUIKit;
				PRODUCT_NAME = "$(TARGET_NAME:c99extidentifier)";
				SKIP_INSTALL = YES;
				TARGETED_DEVICE_FAMILY = "1,2";
			};
			name = Release;
		};
/* End XCBuildConfiguration section */

/* Begin XCConfigurationList section */
		F770A518233CB99000121A10 /* Build configuration list for PBXProject "FGUIKit" */ = {
			isa = XCConfigurationList;
			buildConfigurations = (
				F770A524233CB99000121A10 /* Debug */,
				F770A525233CB99000121A10 /* Release */,
			);
			defaultConfigurationIsVisible = 0;
			defaultConfigurationName = Release;
		};
		F770A526233CB99000121A10 /* Build configuration list for PBXNativeTarget "FGUIKit" */ = {
			isa = XCConfigurationList;
			buildConfigurations = (
				F770A527233CB99000121A10 /* Debug */,
				F770A528233CB99000121A10 /* Release */,
			);
			defaultConfigurationIsVisible = 0;
			defaultConfigurationName = Release;
		};
/* End XCConfigurationList section */
	};
	rootObject = F770A515233CB99000121A10 /* Project object */;
}
